// !$*UTF8*$!
{
	archiveVersion = 1;
	classes = {
	};
	objectVersion = 56;
	objects = {

/* Begin PBXBuildFile section */
		BEC933842B66F84D00A7D987 /* SwiftUI_API_CallApp.swift in Sources */ = {isa = PBXBuildFile; fileRef = BEC933832B66F84D00A7D987 /* SwiftUI_API_CallApp.swift */; };
		BEC933862B66F84D00A7D987 /* ContentView.swift in Sources */ = {isa = PBXBuildFile; fileRef = BEC933852B66F84D00A7D987 /* ContentView.swift */; };
		BEC933882B66F84F00A7D987 /* Assets.xcassets in Resources */ = {isa = PBXBuildFile; fileRef = BEC933872B66F84F00A7D987 /* Assets.xcassets */; };
		BEC9338B2B66F84F00A7D987 /* Preview Assets.xcassets in Resources */ = {isa = PBXBuildFile; fileRef = BEC9338A2B66F84F00A7D987 /* Preview Assets.xcassets */; };
		BEC933922B67268D00A7D987 /* CourseModel.swift in Sources */ = {isa = PBXBuildFile; fileRef = BEC933912B67268D00A7D987 /* CourseModel.swift */; };
		BEC933942B6738EA00A7D987 /* ViewModel.swift in Sources */ = {isa = PBXBuildFile; fileRef = BEC933932B6738EA00A7D987 /* ViewModel.swift */; };
		BEC933962B6747A800A7D987 /* Extension + Image.swift in Sources */ = {isa = PBXBuildFile; fileRef = BEC933952B6747A800A7D987 /* Extension + Image.swift */; };
		BEC933982B67481A00A7D987 /* URLImage.swift in Sources */ = {isa = PBXBuildFile; fileRef = BEC933972B67481A00A7D987 /* URLImage.swift */; };
/* End PBXBuildFile section */

/* Begin PBXFileReference section */
		BEC933802B66F84D00A7D987 /* SwiftUI API Call.app */ = {isa = PBXFileReference; explicitFileType = wrapper.application; includeInIndex = 0; path = "SwiftUI API Call.app"; sourceTree = BUILT_PRODUCTS_DIR; };
		BEC933832B66F84D00A7D987 /* SwiftUI_API_CallApp.swift */ = {isa = PBXFileReference; lastKnownFileType = sourcecode.swift; path = SwiftUI_API_CallApp.swift; sourceTree = "<group>"; };
		BEC933852B66F84D00A7D987 /* ContentView.swift */ = {isa = PBXFileReference; lastKnownFileType = sourcecode.swift; path = ContentView.swift; sourceTree = "<group>"; };
		BEC933872B66F84F00A7D987 /* Assets.xcassets */ = {isa = PBXFileReference; lastKnownFileType = folder.assetcatalog; path = Assets.xcassets; sourceTree = "<group>"; };
		BEC9338A2B66F84F00A7D987 /* Preview Assets.xcassets */ = {isa = PBXFileReference; lastKnownFileType = folder.assetcatalog; path = "Preview Assets.xcassets"; sourceTree = "<group>"; };
		BEC933912B67268D00A7D987 /* CourseModel.swift */ = {isa = PBXFileReference; lastKnownFileType = sourcecode.swift; path = CourseModel.swift; sourceTree = "<group>"; };
		BEC933932B6738EA00A7D987 /* ViewModel.swift */ = {isa = PBXFileReference; lastKnownFileType = sourcecode.swift; path = ViewModel.swift; sourceTree = "<group>"; };
		BEC933952B6747A800A7D987 /* Extension + Image.swift */ = {isa = PBXFileReference; lastKnownFileType = sourcecode.swift; path = "Extension + Image.swift"; sourceTree = "<group>"; };
		BEC933972B67481A00A7D987 /* URLImage.swift */ = {isa = PBXFileReference; lastKnownFileType = sourcecode.swift; path = URLImage.swift; sourceTree = "<group>"; };
/* End PBXFileReference section */

/* Begin PBXFrameworksBuildPhase section */
		BEC9337D2B66F84D00A7D987 /* Frameworks */ = {
			isa = PBXFrameworksBuildPhase;
			buildActionMask = 2147483647;
			files = (
			);
			runOnlyForDeploymentPostprocessing = 0;
		};
/* End PBXFrameworksBuildPhase section */

/* Begin PBXGroup section */
		BEC933772B66F84D00A7D987 = {
			isa = PBXGroup;
			children = (
				BEC933822B66F84D00A7D987 /* SwiftUI API Call */,
				BEC933812B66F84D00A7D987 /* Products */,
			);
			sourceTree = "<group>";
		};
		BEC933812B66F84D00A7D987 /* Products */ = {
			isa = PBXGroup;
			children = (
				BEC933802B66F84D00A7D987 /* SwiftUI API Call.app */,
			);
			name = Products;
			sourceTree = "<group>";
		};
		BEC933822B66F84D00A7D987 /* SwiftUI API Call */ = {
			isa = PBXGroup;
			children = (
				BEC933832B66F84D00A7D987 /* SwiftUI_API_CallApp.swift */,
				BEC933992B67495000A7D987 /* Model */,
				BEC9339B2B67496500A7D987 /* View */,
				BEC9339A2B67495600A7D987 /* ViewModel */,
				BEC9339C2B67499800A7D987 /* Extensions */,
				BEC933872B66F84F00A7D987 /* Assets.xcassets */,
				BEC933892B66F84F00A7D987 /* Preview Content */,
			);
			path = "SwiftUI API Call";
			sourceTree = "<group>";
		};
		BEC933892B66F84F00A7D987 /* Preview Content */ = {
			isa = PBXGroup;
			children = (
				BEC9338A2B66F84F00A7D987 /* Preview Assets.xcassets */,
			);
			path = "Preview Content";
			sourceTree = "<group>";
		};
		BEC933992B67495000A7D987 /* Model */ = {
			isa = PBXGroup;
			children = (
				BEC933912B67268D00A7D987 /* CourseModel.swift */,
			);
			path = Model;
			sourceTree = "<group>";
		};
		BEC9339A2B67495600A7D987 /* ViewModel */ = {
			isa = PBXGroup;
			children = (
				BEC933932B6738EA00A7D987 /* ViewModel.swift */,
			);
			path = ViewModel;
			sourceTree = "<group>";
		};
		BEC9339B2B67496500A7D987 /* View */ = {
			isa = PBXGroup;
			children = (
				BEC933852B66F84D00A7D987 /* ContentView.swift */,
				BEC933972B67481A00A7D987 /* URLImage.swift */,
			);
			path = View;
			sourceTree = "<group>";
		};
		BEC9339C2B67499800A7D987 /* Extensions */ = {
			isa = PBXGroup;
			children = (
				BEC933952B6747A800A7D987 /* Extension + Image.swift */,
			);
			path = Extensions;
			sourceTree = "<group>";
		};
/* End PBXGroup section */

/* Begin PBXNativeTarget section */
		BEC9337F2B66F84D00A7D987 /* SwiftUI API Call */ = {
			isa = PBXNativeTarget;
			buildConfigurationList = BEC9338E2B66F84F00A7D987 /* Build configuration list for PBXNativeTarget "SwiftUI API Call" */;
			buildPhases = (
				BEC9337C2B66F84D00A7D987 /* Sources */,
				BEC9337D2B66F84D00A7D987 /* Frameworks */,
				BEC9337E2B66F84D00A7D987 /* Resources */,
			);
			buildRules = (
			);
			dependencies = (
			);
			name = "SwiftUI API Call";
			productName = "SwiftUI API Call";
			productReference = BEC933802B66F84D00A7D987 /* SwiftUI API Call.app */;
			productType = "com.apple.product-type.application";
		};
/* End PBXNativeTarget section */

/* Begin PBXProject section */
		BEC933782B66F84D00A7D987 /* Project object */ = {
			isa = PBXProject;
			attributes = {
				BuildIndependentTargetsInParallel = 1;
				LastSwiftUpdateCheck = 1520;
				LastUpgradeCheck = 1520;
				TargetAttributes = {
					BEC9337F2B66F84D00A7D987 = {
						CreatedOnToolsVersion = 15.2;
					};
				};
			};
			buildConfigurationList = BEC9337B2B66F84D00A7D987 /* Build configuration list for PBXProject "SwiftUI API Call" */;
			compatibilityVersion = "Xcode 14.0";
			developmentRegion = en;
			hasScannedForEncodings = 0;
			knownRegions = (
				en,
				Base,
			);
			mainGroup = BEC933772B66F84D00A7D987;
			productRefGroup = BEC933812B66F84D00A7D987 /* Products */;
			projectDirPath = "";
			projectRoot = "";
			targets = (
				BEC9337F2B66F84D00A7D987 /* SwiftUI API Call */,
			);
		};
/* End PBXProject section */

/* Begin PBXResourcesBuildPhase section */
		BEC9337E2B66F84D00A7D987 /* Resources */ = {
			isa = PBXResourcesBuildPhase;
			buildActionMask = 2147483647;
			files = (
				BEC9338B2B66F84F00A7D987 /* Preview Assets.xcassets in Resources */,
				BEC933882B66F84F00A7D987 /* Assets.xcassets in Resources */,
			);
			runOnlyForDeploymentPostprocessing = 0;
		};
/* End PBXResourcesBuildPhase section */

/* Begin PBXSourcesBuildPhase section */
		BEC9337C2B66F84D00A7D987 /* Sources */ = {
			isa = PBXSourcesBuildPhase;
			buildActionMask = 2147483647;
			files = (
				BEC933922B67268D00A7D987 /* CourseModel.swift in Sources */,
				BEC933982B67481A00A7D987 /* URLImage.swift in Sources */,
				BEC933862B66F84D00A7D987 /* ContentView.swift in Sources */,
				BEC933942B6738EA00A7D987 /* ViewModel.swift in Sources */,
				BEC933842B66F84D00A7D987 /* SwiftUI_API_CallApp.swift in Sources */,
				BEC933962B6747A800A7D987 /* Extension + Image.swift in Sources */,
			);
			runOnlyForDeploymentPostprocessing = 0;
		};
/* End PBXSourcesBuildPhase section */

/* Begin XCBuildConfiguration section */
		BEC9338C2B66F84F00A7D987 /* Debug */ = {
			isa = XCBuildConfiguration;
			buildSettings = {
				ALWAYS_SEARCH_USER_PATHS = NO;
				ASSETCATALOG_COMPILER_GENERATE_SWIFT_ASSET_SYMBOL_EXTENSIONS = YES;
				CLANG_ANALYZER_NONNULL = YES;
				CLANG_ANALYZER_NUMBER_OBJECT_CONVERSION = YES_AGGRESSIVE;
				CLANG_CXX_LANGUAGE_STANDARD = "gnu++20";
				CLANG_ENABLE_MODULES = YES;
				CLANG_ENABLE_OBJC_ARC = YES;
				CLANG_ENABLE_OBJC_WEAK = YES;
				CLANG_WARN_BLOCK_CAPTURE_AUTORELEASING = YES;
				CLANG_WARN_BOOL_CONVERSION = YES;
				CLANG_WARN_COMMA = YES;
				CLANG_WARN_CONSTANT_CONVERSION = YES;
				CLANG_WARN_DEPRECATED_OBJC_IMPLEMENTATIONS = YES;
				CLANG_WARN_DIRECT_OBJC_ISA_USAGE = YES_ERROR;
				CLANG_WARN_DOCUMENTATION_COMMENTS = YES;
				CLANG_WARN_EMPTY_BODY = YES;
				CLANG_WARN_ENUM_CONVERSION = YES;
				CLANG_WARN_INFINITE_RECURSION = YES;
				CLANG_WARN_INT_CONVERSION = YES;
				CLANG_WARN_NON_LITERAL_NULL_CONVERSION = YES;
				CLANG_WARN_OBJC_IMPLICIT_RETAIN_SELF = YES;
				CLANG_WARN_OBJC_LITERAL_CONVERSION = YES;
				CLANG_WARN_OBJC_ROOT_CLASS = YES_ERROR;
				CLANG_WARN_QUOTED_INCLUDE_IN_FRAMEWORK_HEADER = YES;
				CLANG_WARN_RANGE_LOOP_ANALYSIS = YES;
				CLANG_WARN_STRICT_PROTOTYPES = YES;
				CLANG_WARN_SUSPICIOUS_MOVE = YES;
				CLANG_WARN_UNGUARDED_AVAILABILITY = YES_AGGRESSIVE;
				CLANG_WARN_UNREACHABLE_CODE = YES;
				CLANG_WARN__DUPLICATE_METHOD_MATCH = YES;
				COPY_PHASE_STRIP = NO;
				DEBUG_INFORMATION_FORMAT = dwarf;
				ENABLE_STRICT_OBJC_MSGSEND = YES;
				ENABLE_TESTABILITY = YES;
				ENABLE_USER_SCRIPT_SANDBOXING = YES;
				GCC_C_LANGUAGE_STANDARD = gnu17;
				GCC_DYNAMIC_NO_PIC = NO;
				GCC_NO_COMMON_BLOCKS = YES;
				GCC_OPTIMIZATION_LEVEL = 0;
				GCC_PREPROCESSOR_DEFINITIONS = (
					"DEBUG=1",
					"$(inherited)",
				);
				GCC_WARN_64_TO_32_BIT_CONVERSION = YES;
				GCC_WARN_ABOUT_RETURN_TYPE = YES_ERROR;
				GCC_WARN_UNDECLARED_SELECTOR = YES;
				GCC_WARN_UNINITIALIZED_AUTOS = YES_AGGRESSIVE;
				GCC_WARN_UNUSED_FUNCTION = YES;
				GCC_WARN_UNUSED_VARIABLE = YES;
				IPHONEOS_DEPLOYMENT_TARGET = 17.2;
				LOCALIZATION_PREFERS_STRING_CATALOGS = YES;
				MTL_ENABLE_DEBUG_INFO = INCLUDE_SOURCE;
				MTL_FAST_MATH = YES;
				ONLY_ACTIVE_ARCH = YES;
				SDKROOT = iphoneos;
				SWIFT_ACTIVE_COMPILATION_CONDITIONS = "DEBUG $(inherited)";
				SWIFT_OPTIMIZATION_LEVEL = "-Onone";
			};
			name = Debug;
		};
		BEC9338D2B66F84F00A7D987 /* Release */ = {
			isa = XCBuildConfiguration;
			buildSettings = {
				ALWAYS_SEARCH_USER_PATHS = NO;
				ASSETCATALOG_COMPILER_GENERATE_SWIFT_ASSET_SYMBOL_EXTENSIONS = YES;
				CLANG_ANALYZER_NONNULL = YES;
				CLANG_ANALYZER_NUMBER_OBJECT_CONVERSION = YES_AGGRESSIVE;
				CLANG_CXX_LANGUAGE_STANDARD = "gnu++20";
				CLANG_ENABLE_MODULES = YES;
				CLANG_ENABLE_OBJC_ARC = YES;
				CLANG_ENABLE_OBJC_WEAK = YES;
				CLANG_WARN_BLOCK_CAPTURE_AUTORELEASING = YES;
				CLANG_WARN_BOOL_CONVERSION = YES;
				CLANG_WARN_COMMA = YES;
				CLANG_WARN_CONSTANT_CONVERSION = YES;
				CLANG_WARN_DEPRECATED_OBJC_IMPLEMENTATIONS = YES;
				CLANG_WARN_DIRECT_OBJC_ISA_USAGE = YES_ERROR;
				CLANG_WARN_DOCUMENTATION_COMMENTS = YES;
				CLANG_WARN_EMPTY_BODY = YES;
				CLANG_WARN_ENUM_CONVERSION = YES;
				CLANG_WARN_INFINITE_RECURSION = YES;
				CLANG_WARN_INT_CONVERSION = YES;
				CLANG_WARN_NON_LITERAL_NULL_CONVERSION = YES;
				CLANG_WARN_OBJC_IMPLICIT_RETAIN_SELF = YES;
				CLANG_WARN_OBJC_LITERAL_CONVERSION = YES;
				CLANG_WARN_OBJC_ROOT_CLASS = YES_ERROR;
				CLANG_WARN_QUOTED_INCLUDE_IN_FRAMEWORK_HEADER = YES;
				CLANG_WARN_RANGE_LOOP_ANALYSIS = YES;
				CLANG_WARN_STRICT_PROTOTYPES = YES;
				CLANG_WARN_SUSPICIOUS_MOVE = YES;
				CLANG_WARN_UNGUARDED_AVAILABILITY = YES_AGGRESSIVE;
				CLANG_WARN_UNREACHABLE_CODE = YES;
				CLANG_WARN__DUPLICATE_METHOD_MATCH = YES;
				COPY_PHASE_STRIP = NO;
				DEBUG_INFORMATION_FORMAT = "dwarf-with-dsym";
				ENABLE_NS_ASSERTIONS = NO;
				ENABLE_STRICT_OBJC_MSGSEND = YES;
				ENABLE_USER_SCRIPT_SANDBOXING = YES;
				GCC_C_LANGUAGE_STANDARD = gnu17;
				GCC_NO_COMMON_BLOCKS = YES;
				GCC_WARN_64_TO_32_BIT_CONVERSION = YES;
				GCC_WARN_ABOUT_RETURN_TYPE = YES_ERROR;
				GCC_WARN_UNDECLARED_SELECTOR = YES;
				GCC_WARN_UNINITIALIZED_AUTOS = YES_AGGRESSIVE;
				GCC_WARN_UNUSED_FUNCTION = YES;
				GCC_WARN_UNUSED_VARIABLE = YES;
				IPHONEOS_DEPLOYMENT_TARGET = 17.2;
				LOCALIZATION_PREFERS_STRING_CATALOGS = YES;
				MTL_ENABLE_DEBUG_INFO = NO;
				MTL_FAST_MATH = YES;
				SDKROOT = iphoneos;
				SWIFT_COMPILATION_MODE = wholemodule;
				VALIDATE_PRODUCT = YES;
			};
			name = Release;
		};
		BEC9338F2B66F84F00A7D987 /* Debug */ = {
			isa = XCBuildConfiguration;
			buildSettings = {
				ASSETCATALOG_COMPILER_APPICON_NAME = AppIcon;
				ASSETCATALOG_COMPILER_GLOBAL_ACCENT_COLOR_NAME = AccentColor;
				CODE_SIGN_STYLE = Automatic;
				CURRENT_PROJECT_VERSION = 1;
				DEVELOPMENT_ASSET_PATHS = "\"SwiftUI API Call/Preview Content\"";
				DEVELOPMENT_TEAM = W588GMFYXB;
				ENABLE_PREVIEWS = YES;
				GENERATE_INFOPLIST_FILE = YES;
				INFOPLIST_KEY_UIApplicationSceneManifest_Generation = YES;
				INFOPLIST_KEY_UIApplicationSupportsIndirectInputEvents = YES;
				INFOPLIST_KEY_UILaunchScreen_Generation = YES;
				INFOPLIST_KEY_UISupportedInterfaceOrientations_iPad = "UIInterfaceOrientationPortrait UIInterfaceOrientationPortraitUpsideDown UIInterfaceOrientationLandscapeLeft UIInterfaceOrientationLandscapeRight";
				INFOPLIST_KEY_UISupportedInterfaceOrientations_iPhone = "UIInterfaceOrientationPortrait UIInterfaceOrientationLandscapeLeft UIInterfaceOrientationLandscapeRight";
				LD_RUNPATH_SEARCH_PATHS = (
					"$(inherited)",
					"@executable_path/Frameworks",
				);
				MARKETING_VERSION = 1.0;
				PRODUCT_BUNDLE_IDENTIFIER = "com.sindam.SwiftUI-API-Call";
				PRODUCT_NAME = "$(TARGET_NAME)";
				SWIFT_EMIT_LOC_STRINGS = YES;
				SWIFT_VERSION = 5.0;
				TARGETED_DEVICE_FAMILY = "1,2";
			};
			name = Debug;
		};
		BEC933902B66F84F00A7D987 /* Release */ = {
			isa = XCBuildConfiguration;
			buildSettings = {
				ASSETCATALOG_COMPILER_APPICON_NAME = AppIcon;
				ASSETCATALOG_COMPILER_GLOBAL_ACCENT_COLOR_NAME = AccentColor;
				CODE_SIGN_STYLE = Automatic;
				CURRENT_PROJECT_VERSION = 1;
				DEVELOPMENT_ASSET_PATHS = "\"SwiftUI API Call/Preview Content\"";
				DEVELOPMENT_TEAM = W588GMFYXB;
				ENABLE_PREVIEWS = YES;
				GENERATE_INFOPLIST_FILE = YES;
				INFOPLIST_KEY_UIApplicationSceneManifest_Generation = YES;
				INFOPLIST_KEY_UIApplicationSupportsIndirectInputEvents = YES;
				INFOPLIST_KEY_UILaunchScreen_Generation = YES;
				INFOPLIST_KEY_UISupportedInterfaceOrientations_iPad = "UIInterfaceOrientationPortrait UIInterfaceOrientationPortraitUpsideDown UIInterfaceOrientationLandscapeLeft UIInterfaceOrientationLandscapeRight";
				INFOPLIST_KEY_UISupportedInterfaceOrientations_iPhone = "UIInterfaceOrientationPortrait UIInterfaceOrientationLandscapeLeft UIInterfaceOrientationLandscapeRight";
				LD_RUNPATH_SEARCH_PATHS = (
					"$(inherited)",
					"@executable_path/Frameworks",
				);
				MARKETING_VERSION = 1.0;
				PRODUCT_BUNDLE_IDENTIFIER = "com.sindam.SwiftUI-API-Call";
				PRODUCT_NAME = "$(TARGET_NAME)";
				SWIFT_EMIT_LOC_STRINGS = YES;
				SWIFT_VERSION = 5.0;
				TARGETED_DEVICE_FAMILY = "1,2";
			};
			name = Release;
		};
/* End XCBuildConfiguration section */

/* Begin XCConfigurationList section */
		BEC9337B2B66F84D00A7D987 /* Build configuration list for PBXProject "SwiftUI API Call" */ = {
			isa = XCConfigurationList;
			buildConfigurations = (
				BEC9338C2B66F84F00A7D987 /* Debug */,
				BEC9338D2B66F84F00A7D987 /* Release */,
			);
			defaultConfigurationIsVisible = 0;
			defaultConfigurationName = Release;
		};
		BEC9338E2B66F84F00A7D987 /* Build configuration list for PBXNativeTarget "SwiftUI API Call" */ = {
			isa = XCConfigurationList;
			buildConfigurations = (
				BEC9338F2B66F84F00A7D987 /* Debug */,
				BEC933902B66F84F00A7D987 /* Release */,
			);
			defaultConfigurationIsVisible = 0;
			defaultConfigurationName = Release;
		};
/* End XCConfigurationList section */
	};
	rootObject = BEC933782B66F84D00A7D987 /* Project object */;
}
