// !$*UTF8*$!
{
	archiveVersion = 1;
	classes = {
	};
	objectVersion = 56;
	objects = {

/* Begin PBXBuildFile section */
		BEC9335D2B65B21800A7D987 /* Onboarding_In_SwiftUIApp.swift in Sources */ = {isa = PBXBuildFile; fileRef = BEC9335C2B65B21800A7D987 /* Onboarding_In_SwiftUIApp.swift */; };
		BEC9335F2B65B21800A7D987 /* AppView.swift in Sources */ = {isa = PBXBuildFile; fileRef = BEC9335E2B65B21800A7D987 /* AppView.swift */; };
		BEC933612B65B21900A7D987 /* Assets.xcassets in Resources */ = {isa = PBXBuildFile; fileRef = BEC933602B65B21900A7D987 /* Assets.xcassets */; };
		BEC933642B65B21900A7D987 /* Preview Assets.xcassets in Resources */ = {isa = PBXBuildFile; fileRef = BEC933632B65B21900A7D987 /* Preview Assets.xcassets */; };
		BEC9336B2B65D78200A7D987 /* HomeView.swift in Sources */ = {isa = PBXBuildFile; fileRef = BEC9336A2B65D78200A7D987 /* HomeView.swift */; };
		BEC9336D2B65D7A700A7D987 /* OnboardingView.swift in Sources */ = {isa = PBXBuildFile; fileRef = BEC9336C2B65D7A700A7D987 /* OnboardingView.swift */; };
		BEC933712B65DA3700A7D987 /* OnboardingModel.swift in Sources */ = {isa = PBXBuildFile; fileRef = BEC933702B65DA3700A7D987 /* OnboardingModel.swift */; };
		BEC933732B65DFC600A7D987 /* OnboardingContentView.swift in Sources */ = {isa = PBXBuildFile; fileRef = BEC933722B65DFC600A7D987 /* OnboardingContentView.swift */; };
/* End PBXBuildFile section */

/* Begin PBXFileReference section */
		BEC933592B65B21800A7D987 /* Onboarding In SwiftUI.app */ = {isa = PBXFileReference; explicitFileType = wrapper.application; includeInIndex = 0; path = "Onboarding In SwiftUI.app"; sourceTree = BUILT_PRODUCTS_DIR; };
		BEC9335C2B65B21800A7D987 /* Onboarding_In_SwiftUIApp.swift */ = {isa = PBXFileReference; lastKnownFileType = sourcecode.swift; path = Onboarding_In_SwiftUIApp.swift; sourceTree = "<group>"; };
		BEC9335E2B65B21800A7D987 /* AppView.swift */ = {isa = PBXFileReference; lastKnownFileType = sourcecode.swift; path = AppView.swift; sourceTree = "<group>"; };
		BEC933602B65B21900A7D987 /* Assets.xcassets */ = {isa = PBXFileReference; lastKnownFileType = folder.assetcatalog; path = Assets.xcassets; sourceTree = "<group>"; };
		BEC933632B65B21900A7D987 /* Preview Assets.xcassets */ = {isa = PBXFileReference; lastKnownFileType = folder.assetcatalog; path = "Preview Assets.xcassets"; sourceTree = "<group>"; };
		BEC9336A2B65D78200A7D987 /* HomeView.swift */ = {isa = PBXFileReference; lastKnownFileType = sourcecode.swift; path = HomeView.swift; sourceTree = "<group>"; };
		BEC9336C2B65D7A700A7D987 /* OnboardingView.swift */ = {isa = PBXFileReference; lastKnownFileType = sourcecode.swift; path = OnboardingView.swift; sourceTree = "<group>"; };
		BEC933702B65DA3700A7D987 /* OnboardingModel.swift */ = {isa = PBXFileReference; lastKnownFileType = sourcecode.swift; path = OnboardingModel.swift; sourceTree = "<group>"; };
		BEC933722B65DFC600A7D987 /* OnboardingContentView.swift */ = {isa = PBXFileReference; lastKnownFileType = sourcecode.swift; path = OnboardingContentView.swift; sourceTree = "<group>"; };
/* End PBXFileReference section */

/* Begin PBXFrameworksBuildPhase section */
		BEC933562B65B21800A7D987 /* Frameworks */ = {
			isa = PBXFrameworksBuildPhase;
			buildActionMask = 2147483647;
			files = (
			);
			runOnlyForDeploymentPostprocessing = 0;
		};
/* End PBXFrameworksBuildPhase section */

/* Begin PBXGroup section */
		BEC933502B65B21800A7D987 = {
			isa = PBXGroup;
			children = (
				BEC9335B2B65B21800A7D987 /* Onboarding In SwiftUI */,
				BEC9335A2B65B21800A7D987 /* Products */,
			);
			sourceTree = "<group>";
		};
		BEC9335A2B65B21800A7D987 /* Products */ = {
			isa = PBXGroup;
			children = (
				BEC933592B65B21800A7D987 /* Onboarding In SwiftUI.app */,
			);
			name = Products;
			sourceTree = "<group>";
		};
		BEC9335B2B65B21800A7D987 /* Onboarding In SwiftUI */ = {
			isa = PBXGroup;
			children = (
				BEC9335C2B65B21800A7D987 /* Onboarding_In_SwiftUIApp.swift */,
				BEC9335E2B65B21800A7D987 /* AppView.swift */,
				BEC9336E2B65DA0100A7D987 /* Onboarding */,
				BEC933752B65F4F900A7D987 /* Home */,
				BEC933602B65B21900A7D987 /* Assets.xcassets */,
				BEC933622B65B21900A7D987 /* Preview Content */,
			);
			path = "Onboarding In SwiftUI";
			sourceTree = "<group>";
		};
		BEC933622B65B21900A7D987 /* Preview Content */ = {
			isa = PBXGroup;
			children = (
				BEC933632B65B21900A7D987 /* Preview Assets.xcassets */,
			);
			path = "Preview Content";
			sourceTree = "<group>";
		};
		BEC9336E2B65DA0100A7D987 /* Onboarding */ = {
			isa = PBXGroup;
			children = (
				BEC933742B65F4DF00A7D987 /* View */,
				BEC9336F2B65DA2100A7D987 /* Model */,
			);
			path = Onboarding;
			sourceTree = "<group>";
		};
		BEC9336F2B65DA2100A7D987 /* Model */ = {
			isa = PBXGroup;
			children = (
				BEC933702B65DA3700A7D987 /* OnboardingModel.swift */,
			);
			path = Model;
			sourceTree = "<group>";
		};
		BEC933742B65F4DF00A7D987 /* View */ = {
			isa = PBXGroup;
			children = (
				BEC9336C2B65D7A700A7D987 /* OnboardingView.swift */,
				BEC933722B65DFC600A7D987 /* OnboardingContentView.swift */,
			);
			path = View;
			sourceTree = "<group>";
		};
		BEC933752B65F4F900A7D987 /* Home */ = {
			isa = PBXGroup;
			children = (
				BEC933762B65F50900A7D987 /* View */,
			);
			path = Home;
			sourceTree = "<group>";
		};
		BEC933762B65F50900A7D987 /* View */ = {
			isa = PBXGroup;
			children = (
				BEC9336A2B65D78200A7D987 /* HomeView.swift */,
			);
			path = View;
			sourceTree = "<group>";
		};
/* End PBXGroup section */

/* Begin PBXNativeTarget section */
		BEC933582B65B21800A7D987 /* Onboarding In SwiftUI */ = {
			isa = PBXNativeTarget;
			buildConfigurationList = BEC933672B65B21900A7D987 /* Build configuration list for PBXNativeTarget "Onboarding In SwiftUI" */;
			buildPhases = (
				BEC933552B65B21800A7D987 /* Sources */,
				BEC933562B65B21800A7D987 /* Frameworks */,
				BEC933572B65B21800A7D987 /* Resources */,
			);
			buildRules = (
			);
			dependencies = (
			);
			name = "Onboarding In SwiftUI";
			productName = "Onboarding In SwiftUI";
			productReference = BEC933592B65B21800A7D987 /* Onboarding In SwiftUI.app */;
			productType = "com.apple.product-type.application";
		};
/* End PBXNativeTarget section */

/* Begin PBXProject section */
		BEC933512B65B21800A7D987 /* Project object */ = {
			isa = PBXProject;
			attributes = {
				BuildIndependentTargetsInParallel = 1;
				LastSwiftUpdateCheck = 1520;
				LastUpgradeCheck = 1520;
				TargetAttributes = {
					BEC933582B65B21800A7D987 = {
						CreatedOnToolsVersion = 15.2;
					};
				};
			};
			buildConfigurationList = BEC933542B65B21800A7D987 /* Build configuration list for PBXProject "Onboarding In SwiftUI" */;
			compatibilityVersion = "Xcode 14.0";
			developmentRegion = en;
			hasScannedForEncodings = 0;
			knownRegions = (
				en,
				Base,
			);
			mainGroup = BEC933502B65B21800A7D987;
			productRefGroup = BEC9335A2B65B21800A7D987 /* Products */;
			projectDirPath = "";
			projectRoot = "";
			targets = (
				BEC933582B65B21800A7D987 /* Onboarding In SwiftUI */,
			);
		};
/* End PBXProject section */

/* Begin PBXResourcesBuildPhase section */
		BEC933572B65B21800A7D987 /* Resources */ = {
			isa = PBXResourcesBuildPhase;
			buildActionMask = 2147483647;
			files = (
				BEC933642B65B21900A7D987 /* Preview Assets.xcassets in Resources */,
				BEC933612B65B21900A7D987 /* Assets.xcassets in Resources */,
			);
			runOnlyForDeploymentPostprocessing = 0;
		};
/* End PBXResourcesBuildPhase section */

/* Begin PBXSourcesBuildPhase section */
		BEC933552B65B21800A7D987 /* Sources */ = {
			isa = PBXSourcesBuildPhase;
			buildActionMask = 2147483647;
			files = (
				BEC9336B2B65D78200A7D987 /* HomeView.swift in Sources */,
				BEC933712B65DA3700A7D987 /* OnboardingModel.swift in Sources */,
				BEC9336D2B65D7A700A7D987 /* OnboardingView.swift in Sources */,
				BEC9335F2B65B21800A7D987 /* AppView.swift in Sources */,
				BEC9335D2B65B21800A7D987 /* Onboarding_In_SwiftUIApp.swift in Sources */,
				BEC933732B65DFC600A7D987 /* OnboardingContentView.swift in Sources */,
			);
			runOnlyForDeploymentPostprocessing = 0;
		};
/* End PBXSourcesBuildPhase section */

/* Begin XCBuildConfiguration section */
		BEC933652B65B21900A7D987 /* Debug */ = {
			isa = XCBuildConfiguration;
			buildSettings = {
				ALWAYS_SEARCH_USER_PATHS = NO;
				ASSETCATALOG_COMPILER_GENERATE_SWIFT_ASSET_SYMBOL_EXTENSIONS = YES;
				CLANG_ANALYZER_NONNULL = YES;
				CLANG_ANALYZER_NUMBER_OBJECT_CONVERSION = YES_AGGRESSIVE;
				CLANG_CXX_LANGUAGE_STANDARD = "gnu++20";
				CLANG_ENABLE_MODULES = YES;
				CLANG_ENABLE_OBJC_ARC = YES;
				CLANG_ENABLE_OBJC_WEAK = YES;
				CLANG_WARN_BLOCK_CAPTURE_AUTORELEASING = YES;
				CLANG_WARN_BOOL_CONVERSION = YES;
				CLANG_WARN_COMMA = YES;
				CLANG_WARN_CONSTANT_CONVERSION = YES;
				CLANG_WARN_DEPRECATED_OBJC_IMPLEMENTATIONS = YES;
				CLANG_WARN_DIRECT_OBJC_ISA_USAGE = YES_ERROR;
				CLANG_WARN_DOCUMENTATION_COMMENTS = YES;
				CLANG_WARN_EMPTY_BODY = YES;
				CLANG_WARN_ENUM_CONVERSION = YES;
				CLANG_WARN_INFINITE_RECURSION = YES;
				CLANG_WARN_INT_CONVERSION = YES;
				CLANG_WARN_NON_LITERAL_NULL_CONVERSION = YES;
				CLANG_WARN_OBJC_IMPLICIT_RETAIN_SELF = YES;
				CLANG_WARN_OBJC_LITERAL_CONVERSION = YES;
				CLANG_WARN_OBJC_ROOT_CLASS = YES_ERROR;
				CLANG_WARN_QUOTED_INCLUDE_IN_FRAMEWORK_HEADER = YES;
				CLANG_WARN_RANGE_LOOP_ANALYSIS = YES;
				CLANG_WARN_STRICT_PROTOTYPES = YES;
				CLANG_WARN_SUSPICIOUS_MOVE = YES;
				CLANG_WARN_UNGUARDED_AVAILABILITY = YES_AGGRESSIVE;
				CLANG_WARN_UNREACHABLE_CODE = YES;
				CLANG_WARN__DUPLICATE_METHOD_MATCH = YES;
				COPY_PHASE_STRIP = NO;
				DEBUG_INFORMATION_FORMAT = dwarf;
				ENABLE_STRICT_OBJC_MSGSEND = YES;
				ENABLE_TESTABILITY = YES;
				ENABLE_USER_SCRIPT_SANDBOXING = YES;
				GCC_C_LANGUAGE_STANDARD = gnu17;
				GCC_DYNAMIC_NO_PIC = NO;
				GCC_NO_COMMON_BLOCKS = YES;
				GCC_OPTIMIZATION_LEVEL = 0;
				GCC_PREPROCESSOR_DEFINITIONS = (
					"DEBUG=1",
					"$(inherited)",
				);
				GCC_WARN_64_TO_32_BIT_CONVERSION = YES;
				GCC_WARN_ABOUT_RETURN_TYPE = YES_ERROR;
				GCC_WARN_UNDECLARED_SELECTOR = YES;
				GCC_WARN_UNINITIALIZED_AUTOS = YES_AGGRESSIVE;
				GCC_WARN_UNUSED_FUNCTION = YES;
				GCC_WARN_UNUSED_VARIABLE = YES;
				IPHONEOS_DEPLOYMENT_TARGET = 17.2;
				LOCALIZATION_PREFERS_STRING_CATALOGS = YES;
				MTL_ENABLE_DEBUG_INFO = INCLUDE_SOURCE;
				MTL_FAST_MATH = YES;
				ONLY_ACTIVE_ARCH = YES;
				SDKROOT = iphoneos;
				SWIFT_ACTIVE_COMPILATION_CONDITIONS = "DEBUG $(inherited)";
				SWIFT_OPTIMIZATION_LEVEL = "-Onone";
			};
			name = Debug;
		};
		BEC933662B65B21900A7D987 /* Release */ = {
			isa = XCBuildConfiguration;
			buildSettings = {
				ALWAYS_SEARCH_USER_PATHS = NO;
				ASSETCATALOG_COMPILER_GENERATE_SWIFT_ASSET_SYMBOL_EXTENSIONS = YES;
				CLANG_ANALYZER_NONNULL = YES;
				CLANG_ANALYZER_NUMBER_OBJECT_CONVERSION = YES_AGGRESSIVE;
				CLANG_CXX_LANGUAGE_STANDARD = "gnu++20";
				CLANG_ENABLE_MODULES = YES;
				CLANG_ENABLE_OBJC_ARC = YES;
				CLANG_ENABLE_OBJC_WEAK = YES;
				CLANG_WARN_BLOCK_CAPTURE_AUTORELEASING = YES;
				CLANG_WARN_BOOL_CONVERSION = YES;
				CLANG_WARN_COMMA = YES;
				CLANG_WARN_CONSTANT_CONVERSION = YES;
				CLANG_WARN_DEPRECATED_OBJC_IMPLEMENTATIONS = YES;
				CLANG_WARN_DIRECT_OBJC_ISA_USAGE = YES_ERROR;
				CLANG_WARN_DOCUMENTATION_COMMENTS = YES;
				CLANG_WARN_EMPTY_BODY = YES;
				CLANG_WARN_ENUM_CONVERSION = YES;
				CLANG_WARN_INFINITE_RECURSION = YES;
				CLANG_WARN_INT_CONVERSION = YES;
				CLANG_WARN_NON_LITERAL_NULL_CONVERSION = YES;
				CLANG_WARN_OBJC_IMPLICIT_RETAIN_SELF = YES;
				CLANG_WARN_OBJC_LITERAL_CONVERSION = YES;
				CLANG_WARN_OBJC_ROOT_CLASS = YES_ERROR;
				CLANG_WARN_QUOTED_INCLUDE_IN_FRAMEWORK_HEADER = YES;
				CLANG_WARN_RANGE_LOOP_ANALYSIS = YES;
				CLANG_WARN_STRICT_PROTOTYPES = YES;
				CLANG_WARN_SUSPICIOUS_MOVE = YES;
				CLANG_WARN_UNGUARDED_AVAILABILITY = YES_AGGRESSIVE;
				CLANG_WARN_UNREACHABLE_CODE = YES;
				CLANG_WARN__DUPLICATE_METHOD_MATCH = YES;
				COPY_PHASE_STRIP = NO;
				DEBUG_INFORMATION_FORMAT = "dwarf-with-dsym";
				ENABLE_NS_ASSERTIONS = NO;
				ENABLE_STRICT_OBJC_MSGSEND = YES;
				ENABLE_USER_SCRIPT_SANDBOXING = YES;
				GCC_C_LANGUAGE_STANDARD = gnu17;
				GCC_NO_COMMON_BLOCKS = YES;
				GCC_WARN_64_TO_32_BIT_CONVERSION = YES;
				GCC_WARN_ABOUT_RETURN_TYPE = YES_ERROR;
				GCC_WARN_UNDECLARED_SELECTOR = YES;
				GCC_WARN_UNINITIALIZED_AUTOS = YES_AGGRESSIVE;
				GCC_WARN_UNUSED_FUNCTION = YES;
				GCC_WARN_UNUSED_VARIABLE = YES;
				IPHONEOS_DEPLOYMENT_TARGET = 17.2;
				LOCALIZATION_PREFERS_STRING_CATALOGS = YES;
				MTL_ENABLE_DEBUG_INFO = NO;
				MTL_FAST_MATH = YES;
				SDKROOT = iphoneos;
				SWIFT_COMPILATION_MODE = wholemodule;
				VALIDATE_PRODUCT = YES;
			};
			name = Release;
		};
		BEC933682B65B21900A7D987 /* Debug */ = {
			isa = XCBuildConfiguration;
			buildSettings = {
				ASSETCATALOG_COMPILER_APPICON_NAME = AppIcon;
				ASSETCATALOG_COMPILER_GLOBAL_ACCENT_COLOR_NAME = AccentColor;
				CODE_SIGN_STYLE = Automatic;
				CURRENT_PROJECT_VERSION = 1;
				DEVELOPMENT_ASSET_PATHS = "\"Onboarding In SwiftUI/Preview Content\"";
				DEVELOPMENT_TEAM = W588GMFYXB;
				ENABLE_PREVIEWS = YES;
				GENERATE_INFOPLIST_FILE = YES;
				INFOPLIST_KEY_UIApplicationSceneManifest_Generation = YES;
				INFOPLIST_KEY_UIApplicationSupportsIndirectInputEvents = YES;
				INFOPLIST_KEY_UILaunchScreen_Generation = YES;
				INFOPLIST_KEY_UISupportedInterfaceOrientations_iPad = "UIInterfaceOrientationPortrait UIInterfaceOrientationPortraitUpsideDown UIInterfaceOrientationLandscapeLeft UIInterfaceOrientationLandscapeRight";
				INFOPLIST_KEY_UISupportedInterfaceOrientations_iPhone = "UIInterfaceOrientationPortrait UIInterfaceOrientationLandscapeLeft UIInterfaceOrientationLandscapeRight";
				LD_RUNPATH_SEARCH_PATHS = (
					"$(inherited)",
					"@executable_path/Frameworks",
				);
				MARKETING_VERSION = 1.0;
				PRODUCT_BUNDLE_IDENTIFIER = "com.sindam.Onboarding-In-SwiftUI";
				PRODUCT_NAME = "$(TARGET_NAME)";
				SWIFT_EMIT_LOC_STRINGS = YES;
				SWIFT_VERSION = 5.0;
				TARGETED_DEVICE_FAMILY = "1,2";
			};
			name = Debug;
		};
		BEC933692B65B21900A7D987 /* Release */ = {
			isa = XCBuildConfiguration;
			buildSettings = {
				ASSETCATALOG_COMPILER_APPICON_NAME = AppIcon;
				ASSETCATALOG_COMPILER_GLOBAL_ACCENT_COLOR_NAME = AccentColor;
				CODE_SIGN_STYLE = Automatic;
				CURRENT_PROJECT_VERSION = 1;
				DEVELOPMENT_ASSET_PATHS = "\"Onboarding In SwiftUI/Preview Content\"";
				DEVELOPMENT_TEAM = W588GMFYXB;
				ENABLE_PREVIEWS = YES;
				GENERATE_INFOPLIST_FILE = YES;
				INFOPLIST_KEY_UIApplicationSceneManifest_Generation = YES;
				INFOPLIST_KEY_UIApplicationSupportsIndirectInputEvents = YES;
				INFOPLIST_KEY_UILaunchScreen_Generation = YES;
				INFOPLIST_KEY_UISupportedInterfaceOrientations_iPad = "UIInterfaceOrientationPortrait UIInterfaceOrientationPortraitUpsideDown UIInterfaceOrientationLandscapeLeft UIInterfaceOrientationLandscapeRight";
				INFOPLIST_KEY_UISupportedInterfaceOrientations_iPhone = "UIInterfaceOrientationPortrait UIInterfaceOrientationLandscapeLeft UIInterfaceOrientationLandscapeRight";
				LD_RUNPATH_SEARCH_PATHS = (
					"$(inherited)",
					"@executable_path/Frameworks",
				);
				MARKETING_VERSION = 1.0;
				PRODUCT_BUNDLE_IDENTIFIER = "com.sindam.Onboarding-In-SwiftUI";
				PRODUCT_NAME = "$(TARGET_NAME)";
				SWIFT_EMIT_LOC_STRINGS = YES;
				SWIFT_VERSION = 5.0;
				TARGETED_DEVICE_FAMILY = "1,2";
			};
			name = Release;
		};
/* End XCBuildConfiguration section */

/* Begin XCConfigurationList section */
		BEC933542B65B21800A7D987 /* Build configuration list for PBXProject "Onboarding In SwiftUI" */ = {
			isa = XCConfigurationList;
			buildConfigurations = (
				BEC933652B65B21900A7D987 /* Debug */,
				BEC933662B65B21900A7D987 /* Release */,
			);
			defaultConfigurationIsVisible = 0;
			defaultConfigurationName = Release;
		};
		BEC933672B65B21900A7D987 /* Build configuration list for PBXNativeTarget "Onboarding In SwiftUI" */ = {
			isa = XCConfigurationList;
			buildConfigurations = (
				BEC933682B65B21900A7D987 /* Debug */,
				BEC933692B65B21900A7D987 /* Release */,
			);
			defaultConfigurationIsVisible = 0;
			defaultConfigurationName = Release;
		};
/* End XCConfigurationList section */
	};
	rootObject = BEC933512B65B21800A7D987 /* Project object */;
}
